// !$*UTF8*$!
{
	archiveVersion = 1;
	classes = {
	};
	objectVersion = 46;
	objects = {

/* Begin PBXBuildFile section */
		412AE08419F459B900A60F6D /* TSMAddDirective.m in Sources */ = {isa = PBXBuildFile; fileRef = 412AE08319F459B900A60F6D /* TSMAddDirective.m */; };
		412AE08719F45F8C00A60F6D /* TSMAddMedication.m in Sources */ = {isa = PBXBuildFile; fileRef = 412AE08619F45F8C00A60F6D /* TSMAddMedication.m */; };
		4198D7D219F234ED00374E32 /* libsqlite3.0.dylib in Frameworks */ = {isa = PBXBuildFile; fileRef = 4198D7D119F234ED00374E32 /* libsqlite3.0.dylib */; };
		4198D7D519F2373B00374E32 /* TSMDBManager.m in Sources */ = {isa = PBXBuildFile; fileRef = 4198D7D419F2373B00374E32 /* TSMDBManager.m */; };
		4198D7D919F440CF00374E32 /* TSMAddAllergy.m in Sources */ = {isa = PBXBuildFile; fileRef = 4198D7D819F440CF00374E32 /* TSMAddAllergy.m */; };
		41AA677319F4B378007298FC /* TSMListMedications.m in Sources */ = {isa = PBXBuildFile; fileRef = 41AA677219F4B378007298FC /* TSMListMedications.m */; };
		41AA677619F4BA56007298FC /* TSMListDirectives.m in Sources */ = {isa = PBXBuildFile; fileRef = 41AA677519F4BA56007298FC /* TSMListDirectives.m */; };
		41AA677919F4BD49007298FC /* TSMPrescriptionsList.m in Sources */ = {isa = PBXBuildFile; fileRef = 41AA677819F4BD49007298FC /* TSMPrescriptionsList.m */; };
		B911643619ECAF3C00CA5DEE /* TSMHomePageViewController.m in Sources */ = {isa = PBXBuildFile; fileRef = B911643519ECAF3C00CA5DEE /* TSMHomePageViewController.m */; };
		B946D0B919EE03300054D85F /* TSMLogsTabBarViewController.m in Sources */ = {isa = PBXBuildFile; fileRef = B946D0B819EE03300054D85F /* TSMLogsTabBarViewController.m */; };
		B9470E1819EF77E500E7C3AB /* TSMEmergencyTabBarViewController.m in Sources */ = {isa = PBXBuildFile; fileRef = B9470E1719EF77E500E7C3AB /* TSMEmergencyTabBarViewController.m */; };
		B9498D9B19ECB94D00D3B1FE /* TSMProfileMenuViewController.m in Sources */ = {isa = PBXBuildFile; fileRef = B9498D9A19ECB94D00D3B1FE /* TSMProfileMenuViewController.m */; };
		B9498DA219ECD0D200D3B1FE /* TSMTestsViewController.m in Sources */ = {isa = PBXBuildFile; fileRef = B9498DA119ECD0D200D3B1FE /* TSMTestsViewController.m */; };
		B94A263C19F22F5E0023B733 /* TSMPerson.m in Sources */ = {isa = PBXBuildFile; fileRef = B94A263B19F22F5E0023B733 /* TSMPerson.m */; };
		B958641819EEC4AD00E55928 /* TSMLoginScreenViewController.m in Sources */ = {isa = PBXBuildFile; fileRef = B958641719EEC4AD00E55928 /* TSMLoginScreenViewController.m */; };
		B958641B19EECF8000E55928 /* TSMLogOutSegue.m in Sources */ = {isa = PBXBuildFile; fileRef = B958641A19EECF8000E55928 /* TSMLogOutSegue.m */; };
		B960981919F05CA500C5BFBA /* dull-blue-circle.png in Resources */ = {isa = PBXBuildFile; fileRef = B960981819F05CA500C5BFBA /* dull-blue-circle.png */; };
		B960981B19F05CBF00C5BFBA /* 1413159095_300__MA_Icon_transbg.png in Resources */ = {isa = PBXBuildFile; fileRef = B960981A19F05CBF00C5BFBA /* 1413159095_300__MA_Icon_transbg.png */; };
		B9813AF819F22D0E002BCDE3 /* TSMAllergy.m in Sources */ = {isa = PBXBuildFile; fileRef = B9813AD119F22D0E002BCDE3 /* TSMAllergy.m */; };
		B9813AF919F22D0E002BCDE3 /* TSMAppointment.m in Sources */ = {isa = PBXBuildFile; fileRef = B9813AD319F22D0E002BCDE3 /* TSMAppointment.m */; };
		B9813AFA19F22D0E002BCDE3 /* TSMBloodP.m in Sources */ = {isa = PBXBuildFile; fileRef = B9813AD519F22D0E002BCDE3 /* TSMBloodP.m */; };
		B9813AFB19F22D0E002BCDE3 /* TSMBMI.m in Sources */ = {isa = PBXBuildFile; fileRef = B9813AD719F22D0E002BCDE3 /* TSMBMI.m */; };
		B9813AFC19F22D0E002BCDE3 /* TSMBusiness.m in Sources */ = {isa = PBXBuildFile; fileRef = B9813AD919F22D0E002BCDE3 /* TSMBusiness.m */; };
		B9813AFD19F22D0E002BCDE3 /* TSMContact.m in Sources */ = {isa = PBXBuildFile; fileRef = B9813ADB19F22D0E002BCDE3 /* TSMContact.m */; };
		B9813AFE19F22D0E002BCDE3 /* TSMCustomData.m in Sources */ = {isa = PBXBuildFile; fileRef = B9813ADD19F22D0E002BCDE3 /* TSMCustomData.m */; };
		B9813AFF19F22D0E002BCDE3 /* TSMDataPoint.m in Sources */ = {isa = PBXBuildFile; fileRef = B9813ADF19F22D0E002BCDE3 /* TSMDataPoint.m */; };
		B9813B0019F22D0E002BCDE3 /* TSMDirective.m in Sources */ = {isa = PBXBuildFile; fileRef = B9813AE119F22D0E002BCDE3 /* TSMDirective.m */; };
		B9813B0119F22D0E002BCDE3 /* TSMGeneral.m in Sources */ = {isa = PBXBuildFile; fileRef = B9813AE319F22D0E002BCDE3 /* TSMGeneral.m */; };
		B9813B0219F22D0E002BCDE3 /* TSMGlucose.m in Sources */ = {isa = PBXBuildFile; fileRef = B9813AE519F22D0E002BCDE3 /* TSMGlucose.m */; };
		B9813B0319F22D0E002BCDE3 /* TSMLog.m in Sources */ = {isa = PBXBuildFile; fileRef = B9813AE719F22D0E002BCDE3 /* TSMLog.m */; };
		B9813B0419F22D0E002BCDE3 /* TSMMedication.m in Sources */ = {isa = PBXBuildFile; fileRef = B9813AE919F22D0E002BCDE3 /* TSMMedication.m */; };
		B9813B0519F22D0E002BCDE3 /* TSMNote.m in Sources */ = {isa = PBXBuildFile; fileRef = B9813AEB19F22D0E002BCDE3 /* TSMNote.m */; };
		B9813B0619F22D0E002BCDE3 /* TSMNotification.m in Sources */ = {isa = PBXBuildFile; fileRef = B9813AED19F22D0E002BCDE3 /* TSMNotification.m */; };
		B9813B0719F22D0E002BCDE3 /* TSMPrescription.m in Sources */ = {isa = PBXBuildFile; fileRef = B9813AEF19F22D0E002BCDE3 /* TSMPrescription.m */; };
		B9813B0819F22D0E002BCDE3 /* TSMProfile.m in Sources */ = {isa = PBXBuildFile; fileRef = B9813AF119F22D0E002BCDE3 /* TSMProfile.m */; };
		B9813B0919F22D0E002BCDE3 /* TSMReminder.m in Sources */ = {isa = PBXBuildFile; fileRef = B9813AF319F22D0E002BCDE3 /* TSMReminder.m */; };
		B9813B0A19F22D0E002BCDE3 /* TSMTaxi.m in Sources */ = {isa = PBXBuildFile; fileRef = B9813AF519F22D0E002BCDE3 /* TSMTaxi.m */; };
		B9813B0B19F22D0E002BCDE3 /* TSMVaccination.m in Sources */ = {isa = PBXBuildFile; fileRef = B9813AF719F22D0E002BCDE3 /* TSMVaccination.m */; };
		B9909EA819EC44D600E8DB3A /* Foundation.framework in Frameworks */ = {isa = PBXBuildFile; fileRef = B9909EA719EC44D600E8DB3A /* Foundation.framework */; };
		B9909EAA19EC44D600E8DB3A /* CoreGraphics.framework in Frameworks */ = {isa = PBXBuildFile; fileRef = B9909EA919EC44D600E8DB3A /* CoreGraphics.framework */; };
		B9909EAC19EC44D600E8DB3A /* UIKit.framework in Frameworks */ = {isa = PBXBuildFile; fileRef = B9909EAB19EC44D600E8DB3A /* UIKit.framework */; };
		B9909EB219EC44D600E8DB3A /* InfoPlist.strings in Resources */ = {isa = PBXBuildFile; fileRef = B9909EB019EC44D600E8DB3A /* InfoPlist.strings */; };
		B9909EB419EC44D600E8DB3A /* main.m in Sources */ = {isa = PBXBuildFile; fileRef = B9909EB319EC44D600E8DB3A /* main.m */; };
		B9909EB819EC44D600E8DB3A /* TSMAppDelegate.m in Sources */ = {isa = PBXBuildFile; fileRef = B9909EB719EC44D600E8DB3A /* TSMAppDelegate.m */; };
		B9909EBB19EC44D600E8DB3A /* Main.storyboard in Resources */ = {isa = PBXBuildFile; fileRef = B9909EB919EC44D600E8DB3A /* Main.storyboard */; };
		B9909EBE19EC44D600E8DB3A /* TSMViewController.m in Sources */ = {isa = PBXBuildFile; fileRef = B9909EBD19EC44D600E8DB3A /* TSMViewController.m */; };
		B9909EC019EC44D600E8DB3A /* Images.xcassets in Resources */ = {isa = PBXBuildFile; fileRef = B9909EBF19EC44D600E8DB3A /* Images.xcassets */; };
		B9909EC719EC44D600E8DB3A /* XCTest.framework in Frameworks */ = {isa = PBXBuildFile; fileRef = B9909EC619EC44D600E8DB3A /* XCTest.framework */; };
		B9909EC819EC44D600E8DB3A /* Foundation.framework in Frameworks */ = {isa = PBXBuildFile; fileRef = B9909EA719EC44D600E8DB3A /* Foundation.framework */; };
		B9909EC919EC44D600E8DB3A /* UIKit.framework in Frameworks */ = {isa = PBXBuildFile; fileRef = B9909EAB19EC44D600E8DB3A /* UIKit.framework */; };
		B9909ED119EC44D600E8DB3A /* InfoPlist.strings in Resources */ = {isa = PBXBuildFile; fileRef = B9909ECF19EC44D600E8DB3A /* InfoPlist.strings */; };
		B9909ED319EC44D600E8DB3A /* MedAssistTests.m in Sources */ = {isa = PBXBuildFile; fileRef = B9909ED219EC44D600E8DB3A /* MedAssistTests.m */; };
		B9909EE019EC490100E8DB3A /* TSMNewUserViewController.m in Sources */ = {isa = PBXBuildFile; fileRef = B9909EDF19EC490100E8DB3A /* TSMNewUserViewController.m */; };
		B9909EE419EC7A7100E8DB3A /* TSMMenuItemViewController.m in Sources */ = {isa = PBXBuildFile; fileRef = B9909EE319EC7A7100E8DB3A /* TSMMenuItemViewController.m */; };
		B99B845919EEF8B700239545 /* TSMAllAppointmentsViewController.m in Sources */ = {isa = PBXBuildFile; fileRef = B99B845819EEF8B700239545 /* TSMAllAppointmentsViewController.m */; };
		B99B845C19EEF8C600239545 /* TSMDoctorAppointmentsViewController.m in Sources */ = {isa = PBXBuildFile; fileRef = B99B845B19EEF8C600239545 /* TSMDoctorAppointmentsViewController.m */; };
		B99B845F19EEF8DB00239545 /* TSMSpecialistsAppointmentsViewController.m in Sources */ = {isa = PBXBuildFile; fileRef = B99B845E19EEF8DB00239545 /* TSMSpecialistsAppointmentsViewController.m */; };
		B99B846219EEF8EC00239545 /* TSMTestsAppointmentsViewController.m in Sources */ = {isa = PBXBuildFile; fileRef = B99B846119EEF8EC00239545 /* TSMTestsAppointmentsViewController.m */; };
		B99B846519EEF8F700239545 /* TSMRefillAppointmentsViewController.m in Sources */ = {isa = PBXBuildFile; fileRef = B99B846419EEF8F700239545 /* TSMRefillAppointmentsViewController.m */; };
		B99B846819EEF8FF00239545 /* TSMOtherAppointmentsViewController.m in Sources */ = {isa = PBXBuildFile; fileRef = B99B846719EEF8FF00239545 /* TSMOtherAppointmentsViewController.m */; };
		B9A48B1E19EF6CA600C0BC05 /* TSMPrescriptionsTabBarViewController.m in Sources */ = {isa = PBXBuildFile; fileRef = B9A48B1D19EF6CA600C0BC05 /* TSMPrescriptionsTabBarViewController.m */; };
		B9C4290519F019A800420D08 /* AddressBookUI.framework in Frameworks */ = {isa = PBXBuildFile; fileRef = B9C4290419F019A800420D08 /* AddressBookUI.framework */; };
		B9C4290719F019AC00420D08 /* AddressBook.framework in Frameworks */ = {isa = PBXBuildFile; fileRef = B9C4290619F019AC00420D08 /* AddressBook.framework */; };
		B9C4290A19F01DC500420D08 /* TSMAddContactViewController.m in Sources */ = {isa = PBXBuildFile; fileRef = B9C4290919F01DC500420D08 /* TSMAddContactViewController.m */; };
		B9DD342F19ECD94E0008F951 /* TSMTestsPageViewController.m in Sources */ = {isa = PBXBuildFile; fileRef = B9DD342E19ECD94E0008F951 /* TSMTestsPageViewController.m */; };
		B9DEDF1119EEFA1600C7077D /* TSMAppointmentsTabBarViewController.m in Sources */ = {isa = PBXBuildFile; fileRef = B9DEDF1019EEFA1600C7077D /* TSMAppointmentsTabBarViewController.m */; };
/* End PBXBuildFile section */

/* Begin PBXContainerItemProxy section */
		B9909ECA19EC44D600E8DB3A /* PBXContainerItemProxy */ = {
			isa = PBXContainerItemProxy;
			containerPortal = B9909E9C19EC44D600E8DB3A /* Project object */;
			proxyType = 1;
			remoteGlobalIDString = B9909EA319EC44D600E8DB3A;
			remoteInfo = MedAssist;
		};
/* End PBXContainerItemProxy section */

/* Begin PBXFileReference section */
		412AE08219F459B900A60F6D /* TSMAddDirective.h */ = {isa = PBXFileReference; fileEncoding = 4; lastKnownFileType = sourcecode.c.h; path = TSMAddDirective.h; sourceTree = "<group>"; };
		412AE08319F459B900A60F6D /* TSMAddDirective.m */ = {isa = PBXFileReference; fileEncoding = 4; lastKnownFileType = sourcecode.c.objc; path = TSMAddDirective.m; sourceTree = "<group>"; };
		412AE08519F45F8C00A60F6D /* TSMAddMedication.h */ = {isa = PBXFileReference; fileEncoding = 4; lastKnownFileType = sourcecode.c.h; path = TSMAddMedication.h; sourceTree = "<group>"; };
		412AE08619F45F8C00A60F6D /* TSMAddMedication.m */ = {isa = PBXFileReference; fileEncoding = 4; lastKnownFileType = sourcecode.c.objc; path = TSMAddMedication.m; sourceTree = "<group>"; };
		4198D7D119F234ED00374E32 /* libsqlite3.0.dylib */ = {isa = PBXFileReference; lastKnownFileType = "compiled.mach-o.dylib"; name = libsqlite3.0.dylib; path = usr/lib/libsqlite3.0.dylib; sourceTree = SDKROOT; };
		4198D7D319F2373B00374E32 /* TSMDBManager.h */ = {isa = PBXFileReference; fileEncoding = 4; lastKnownFileType = sourcecode.c.h; name = TSMDBManager.h; path = Classes/TSMDBManager.h; sourceTree = "<group>"; };
		4198D7D419F2373B00374E32 /* TSMDBManager.m */ = {isa = PBXFileReference; fileEncoding = 4; lastKnownFileType = sourcecode.c.objc; name = TSMDBManager.m; path = Classes/TSMDBManager.m; sourceTree = "<group>"; };
		4198D7D719F440CF00374E32 /* TSMAddAllergy.h */ = {isa = PBXFileReference; fileEncoding = 4; lastKnownFileType = sourcecode.c.h; path = TSMAddAllergy.h; sourceTree = "<group>"; };
		4198D7D819F440CF00374E32 /* TSMAddAllergy.m */ = {isa = PBXFileReference; fileEncoding = 4; lastKnownFileType = sourcecode.c.objc; path = TSMAddAllergy.m; sourceTree = "<group>"; };
		41AA677119F4B378007298FC /* TSMListMedications.h */ = {isa = PBXFileReference; fileEncoding = 4; lastKnownFileType = sourcecode.c.h; path = TSMListMedications.h; sourceTree = "<group>"; };
		41AA677219F4B378007298FC /* TSMListMedications.m */ = {isa = PBXFileReference; fileEncoding = 4; lastKnownFileType = sourcecode.c.objc; path = TSMListMedications.m; sourceTree = "<group>"; };
		41AA677419F4BA56007298FC /* TSMListDirectives.h */ = {isa = PBXFileReference; fileEncoding = 4; lastKnownFileType = sourcecode.c.h; path = TSMListDirectives.h; sourceTree = "<group>"; };
		41AA677519F4BA56007298FC /* TSMListDirectives.m */ = {isa = PBXFileReference; fileEncoding = 4; lastKnownFileType = sourcecode.c.objc; path = TSMListDirectives.m; sourceTree = "<group>"; };
		41AA677719F4BD49007298FC /* TSMPrescriptionsList.h */ = {isa = PBXFileReference; fileEncoding = 4; lastKnownFileType = sourcecode.c.h; path = TSMPrescriptionsList.h; sourceTree = "<group>"; };
		41AA677819F4BD49007298FC /* TSMPrescriptionsList.m */ = {isa = PBXFileReference; fileEncoding = 4; lastKnownFileType = sourcecode.c.objc; path = TSMPrescriptionsList.m; sourceTree = "<group>"; };
		B911643419ECAF3C00CA5DEE /* TSMHomePageViewController.h */ = {isa = PBXFileReference; fileEncoding = 4; lastKnownFileType = sourcecode.c.h; path = TSMHomePageViewController.h; sourceTree = "<group>"; };
		B911643519ECAF3C00CA5DEE /* TSMHomePageViewController.m */ = {isa = PBXFileReference; fileEncoding = 4; lastKnownFileType = sourcecode.c.objc; path = TSMHomePageViewController.m; sourceTree = "<group>"; };
		B946D0B719EE03300054D85F /* TSMLogsTabBarViewController.h */ = {isa = PBXFileReference; fileEncoding = 4; lastKnownFileType = sourcecode.c.h; path = TSMLogsTabBarViewController.h; sourceTree = "<group>"; };
		B946D0B819EE03300054D85F /* TSMLogsTabBarViewController.m */ = {isa = PBXFileReference; fileEncoding = 4; lastKnownFileType = sourcecode.c.objc; path = TSMLogsTabBarViewController.m; sourceTree = "<group>"; };
		B9470E1619EF77E500E7C3AB /* TSMEmergencyTabBarViewController.h */ = {isa = PBXFileReference; fileEncoding = 4; lastKnownFileType = sourcecode.c.h; path = TSMEmergencyTabBarViewController.h; sourceTree = "<group>"; };
		B9470E1719EF77E500E7C3AB /* TSMEmergencyTabBarViewController.m */ = {isa = PBXFileReference; fileEncoding = 4; lastKnownFileType = sourcecode.c.objc; path = TSMEmergencyTabBarViewController.m; sourceTree = "<group>"; };
		B9498D9919ECB94D00D3B1FE /* TSMProfileMenuViewController.h */ = {isa = PBXFileReference; fileEncoding = 4; lastKnownFileType = sourcecode.c.h; name = TSMProfileMenuViewController.h; path = ../TSMProfileMenuViewController.h; sourceTree = "<group>"; };
		B9498D9A19ECB94D00D3B1FE /* TSMProfileMenuViewController.m */ = {isa = PBXFileReference; fileEncoding = 4; lastKnownFileType = sourcecode.c.objc; name = TSMProfileMenuViewController.m; path = ../TSMProfileMenuViewController.m; sourceTree = "<group>"; };
		B9498D9D19ECCBFB00D3B1FE /* Base */ = {isa = PBXFileReference; lastKnownFileType = sourcecode.c.h; name = Base; path = Base.lproj/TSMAppointmentTabsViewController.h; sourceTree = "<group>"; };
		B9498D9F19ECCBFB00D3B1FE /* Base */ = {isa = PBXFileReference; lastKnownFileType = sourcecode.c.objc; name = Base; path = Base.lproj/TSMAppointmentTabsViewController.m; sourceTree = "<group>"; };
		B9498DA019ECD0D200D3B1FE /* TSMTestsViewController.h */ = {isa = PBXFileReference; fileEncoding = 4; lastKnownFileType = sourcecode.c.h; path = TSMTestsViewController.h; sourceTree = "<group>"; };
		B9498DA119ECD0D200D3B1FE /* TSMTestsViewController.m */ = {isa = PBXFileReference; fileEncoding = 4; lastKnownFileType = sourcecode.c.objc; path = TSMTestsViewController.m; sourceTree = "<group>"; };
		B94A263A19F22F5E0023B733 /* TSMPerson.h */ = {isa = PBXFileReference; fileEncoding = 4; lastKnownFileType = sourcecode.c.h; name = TSMPerson.h; path = Classes/TSMPerson.h; sourceTree = "<group>"; };
		B94A263B19F22F5E0023B733 /* TSMPerson.m */ = {isa = PBXFileReference; fileEncoding = 4; lastKnownFileType = sourcecode.c.objc; name = TSMPerson.m; path = Classes/TSMPerson.m; sourceTree = "<group>"; };
		B958641619EEC4AD00E55928 /* TSMLoginScreenViewController.h */ = {isa = PBXFileReference; fileEncoding = 4; lastKnownFileType = sourcecode.c.h; path = TSMLoginScreenViewController.h; sourceTree = "<group>"; };
		B958641719EEC4AD00E55928 /* TSMLoginScreenViewController.m */ = {isa = PBXFileReference; fileEncoding = 4; lastKnownFileType = sourcecode.c.objc; path = TSMLoginScreenViewController.m; sourceTree = "<group>"; };
		B958641919EECF8000E55928 /* TSMLogOutSegue.h */ = {isa = PBXFileReference; fileEncoding = 4; lastKnownFileType = sourcecode.c.h; path = TSMLogOutSegue.h; sourceTree = "<group>"; };
		B958641A19EECF8000E55928 /* TSMLogOutSegue.m */ = {isa = PBXFileReference; fileEncoding = 4; lastKnownFileType = sourcecode.c.objc; path = TSMLogOutSegue.m; sourceTree = "<group>"; };
		B960981819F05CA500C5BFBA /* dull-blue-circle.png */ = {isa = PBXFileReference; lastKnownFileType = image.png; name = "dull-blue-circle.png"; path = "Images/dull-blue-circle.png"; sourceTree = "<group>"; };
		B960981A19F05CBF00C5BFBA /* 1413159095_300__MA_Icon_transbg.png */ = {isa = PBXFileReference; lastKnownFileType = image.png; name = 1413159095_300__MA_Icon_transbg.png; path = Images/1413159095_300__MA_Icon_transbg.png; sourceTree = "<group>"; };
		B9813AD019F22D0E002BCDE3 /* TSMAllergy.h */ = {isa = PBXFileReference; fileEncoding = 4; lastKnownFileType = sourcecode.c.h; name = TSMAllergy.h; path = Classes/TSMAllergy.h; sourceTree = "<group>"; };
		B9813AD119F22D0E002BCDE3 /* TSMAllergy.m */ = {isa = PBXFileReference; fileEncoding = 4; lastKnownFileType = sourcecode.c.objc; name = TSMAllergy.m; path = Classes/TSMAllergy.m; sourceTree = "<group>"; };
		B9813AD219F22D0E002BCDE3 /* TSMAppointment.h */ = {isa = PBXFileReference; fileEncoding = 4; lastKnownFileType = sourcecode.c.h; name = TSMAppointment.h; path = Classes/TSMAppointment.h; sourceTree = "<group>"; };
		B9813AD319F22D0E002BCDE3 /* TSMAppointment.m */ = {isa = PBXFileReference; fileEncoding = 4; lastKnownFileType = sourcecode.c.objc; name = TSMAppointment.m; path = Classes/TSMAppointment.m; sourceTree = "<group>"; };
		B9813AD419F22D0E002BCDE3 /* TSMBloodP.h */ = {isa = PBXFileReference; fileEncoding = 4; lastKnownFileType = sourcecode.c.h; name = TSMBloodP.h; path = Classes/TSMBloodP.h; sourceTree = "<group>"; };
		B9813AD519F22D0E002BCDE3 /* TSMBloodP.m */ = {isa = PBXFileReference; fileEncoding = 4; lastKnownFileType = sourcecode.c.objc; name = TSMBloodP.m; path = Classes/TSMBloodP.m; sourceTree = "<group>"; };
		B9813AD619F22D0E002BCDE3 /* TSMBMI.h */ = {isa = PBXFileReference; fileEncoding = 4; lastKnownFileType = sourcecode.c.h; name = TSMBMI.h; path = Classes/TSMBMI.h; sourceTree = "<group>"; };
		B9813AD719F22D0E002BCDE3 /* TSMBMI.m */ = {isa = PBXFileReference; fileEncoding = 4; lastKnownFileType = sourcecode.c.objc; name = TSMBMI.m; path = Classes/TSMBMI.m; sourceTree = "<group>"; };
		B9813AD819F22D0E002BCDE3 /* TSMBusiness.h */ = {isa = PBXFileReference; fileEncoding = 4; lastKnownFileType = sourcecode.c.h; name = TSMBusiness.h; path = Classes/TSMBusiness.h; sourceTree = "<group>"; };
		B9813AD919F22D0E002BCDE3 /* TSMBusiness.m */ = {isa = PBXFileReference; fileEncoding = 4; lastKnownFileType = sourcecode.c.objc; name = TSMBusiness.m; path = Classes/TSMBusiness.m; sourceTree = "<group>"; };
		B9813ADA19F22D0E002BCDE3 /* TSMContact.h */ = {isa = PBXFileReference; fileEncoding = 4; lastKnownFileType = sourcecode.c.h; name = TSMContact.h; path = Classes/TSMContact.h; sourceTree = "<group>"; };
		B9813ADB19F22D0E002BCDE3 /* TSMContact.m */ = {isa = PBXFileReference; fileEncoding = 4; lastKnownFileType = sourcecode.c.objc; name = TSMContact.m; path = Classes/TSMContact.m; sourceTree = "<group>"; };
		B9813ADC19F22D0E002BCDE3 /* TSMCustomData.h */ = {isa = PBXFileReference; fileEncoding = 4; lastKnownFileType = sourcecode.c.h; name = TSMCustomData.h; path = Classes/TSMCustomData.h; sourceTree = "<group>"; };
		B9813ADD19F22D0E002BCDE3 /* TSMCustomData.m */ = {isa = PBXFileReference; fileEncoding = 4; lastKnownFileType = sourcecode.c.objc; name = TSMCustomData.m; path = Classes/TSMCustomData.m; sourceTree = "<group>"; };
		B9813ADE19F22D0E002BCDE3 /* TSMDataPoint.h */ = {isa = PBXFileReference; fileEncoding = 4; lastKnownFileType = sourcecode.c.h; name = TSMDataPoint.h; path = Classes/TSMDataPoint.h; sourceTree = "<group>"; };
		B9813ADF19F22D0E002BCDE3 /* TSMDataPoint.m */ = {isa = PBXFileReference; fileEncoding = 4; lastKnownFileType = sourcecode.c.objc; name = TSMDataPoint.m; path = Classes/TSMDataPoint.m; sourceTree = "<group>"; };
		B9813AE019F22D0E002BCDE3 /* TSMDirective.h */ = {isa = PBXFileReference; fileEncoding = 4; lastKnownFileType = sourcecode.c.h; name = TSMDirective.h; path = Classes/TSMDirective.h; sourceTree = "<group>"; };
		B9813AE119F22D0E002BCDE3 /* TSMDirective.m */ = {isa = PBXFileReference; fileEncoding = 4; lastKnownFileType = sourcecode.c.objc; name = TSMDirective.m; path = Classes/TSMDirective.m; sourceTree = "<group>"; };
		B9813AE219F22D0E002BCDE3 /* TSMGeneral.h */ = {isa = PBXFileReference; fileEncoding = 4; lastKnownFileType = sourcecode.c.h; name = TSMGeneral.h; path = Classes/TSMGeneral.h; sourceTree = "<group>"; };
		B9813AE319F22D0E002BCDE3 /* TSMGeneral.m */ = {isa = PBXFileReference; fileEncoding = 4; lastKnownFileType = sourcecode.c.objc; name = TSMGeneral.m; path = Classes/TSMGeneral.m; sourceTree = "<group>"; };
		B9813AE419F22D0E002BCDE3 /* TSMGlucose.h */ = {isa = PBXFileReference; fileEncoding = 4; lastKnownFileType = sourcecode.c.h; name = TSMGlucose.h; path = Classes/TSMGlucose.h; sourceTree = "<group>"; };
		B9813AE519F22D0E002BCDE3 /* TSMGlucose.m */ = {isa = PBXFileReference; fileEncoding = 4; lastKnownFileType = sourcecode.c.objc; name = TSMGlucose.m; path = Classes/TSMGlucose.m; sourceTree = "<group>"; };
		B9813AE619F22D0E002BCDE3 /* TSMLog.h */ = {isa = PBXFileReference; fileEncoding = 4; lastKnownFileType = sourcecode.c.h; name = TSMLog.h; path = Classes/TSMLog.h; sourceTree = "<group>"; };
		B9813AE719F22D0E002BCDE3 /* TSMLog.m */ = {isa = PBXFileReference; fileEncoding = 4; lastKnownFileType = sourcecode.c.objc; name = TSMLog.m; path = Classes/TSMLog.m; sourceTree = "<group>"; };
		B9813AE819F22D0E002BCDE3 /* TSMMedication.h */ = {isa = PBXFileReference; fileEncoding = 4; lastKnownFileType = sourcecode.c.h; name = TSMMedication.h; path = Classes/TSMMedication.h; sourceTree = "<group>"; };
		B9813AE919F22D0E002BCDE3 /* TSMMedication.m */ = {isa = PBXFileReference; fileEncoding = 4; lastKnownFileType = sourcecode.c.objc; name = TSMMedication.m; path = Classes/TSMMedication.m; sourceTree = "<group>"; };
		B9813AEA19F22D0E002BCDE3 /* TSMNote.h */ = {isa = PBXFileReference; fileEncoding = 4; lastKnownFileType = sourcecode.c.h; name = TSMNote.h; path = Classes/TSMNote.h; sourceTree = "<group>"; };
		B9813AEB19F22D0E002BCDE3 /* TSMNote.m */ = {isa = PBXFileReference; fileEncoding = 4; lastKnownFileType = sourcecode.c.objc; name = TSMNote.m; path = Classes/TSMNote.m; sourceTree = "<group>"; };
		B9813AEC19F22D0E002BCDE3 /* TSMNotification.h */ = {isa = PBXFileReference; fileEncoding = 4; lastKnownFileType = sourcecode.c.h; name = TSMNotification.h; path = Classes/TSMNotification.h; sourceTree = "<group>"; };
		B9813AED19F22D0E002BCDE3 /* TSMNotification.m */ = {isa = PBXFileReference; fileEncoding = 4; lastKnownFileType = sourcecode.c.objc; name = TSMNotification.m; path = Classes/TSMNotification.m; sourceTree = "<group>"; };
		B9813AEE19F22D0E002BCDE3 /* TSMPrescription.h */ = {isa = PBXFileReference; fileEncoding = 4; lastKnownFileType = sourcecode.c.h; name = TSMPrescription.h; path = Classes/TSMPrescription.h; sourceTree = "<group>"; };
		B9813AEF19F22D0E002BCDE3 /* TSMPrescription.m */ = {isa = PBXFileReference; fileEncoding = 4; lastKnownFileType = sourcecode.c.objc; name = TSMPrescription.m; path = Classes/TSMPrescription.m; sourceTree = "<group>"; };
		B9813AF019F22D0E002BCDE3 /* TSMProfile.h */ = {isa = PBXFileReference; fileEncoding = 4; lastKnownFileType = sourcecode.c.h; name = TSMProfile.h; path = Classes/TSMProfile.h; sourceTree = "<group>"; };
		B9813AF119F22D0E002BCDE3 /* TSMProfile.m */ = {isa = PBXFileReference; fileEncoding = 4; lastKnownFileType = sourcecode.c.objc; name = TSMProfile.m; path = Classes/TSMProfile.m; sourceTree = "<group>"; };
		B9813AF219F22D0E002BCDE3 /* TSMReminder.h */ = {isa = PBXFileReference; fileEncoding = 4; lastKnownFileType = sourcecode.c.h; name = TSMReminder.h; path = Classes/TSMReminder.h; sourceTree = "<group>"; };
		B9813AF319F22D0E002BCDE3 /* TSMReminder.m */ = {isa = PBXFileReference; fileEncoding = 4; lastKnownFileType = sourcecode.c.objc; name = TSMReminder.m; path = Classes/TSMReminder.m; sourceTree = "<group>"; };
		B9813AF419F22D0E002BCDE3 /* TSMTaxi.h */ = {isa = PBXFileReference; fileEncoding = 4; lastKnownFileType = sourcecode.c.h; name = TSMTaxi.h; path = Classes/TSMTaxi.h; sourceTree = "<group>"; };
		B9813AF519F22D0E002BCDE3 /* TSMTaxi.m */ = {isa = PBXFileReference; fileEncoding = 4; lastKnownFileType = sourcecode.c.objc; name = TSMTaxi.m; path = Classes/TSMTaxi.m; sourceTree = "<group>"; };
		B9813AF619F22D0E002BCDE3 /* TSMVaccination.h */ = {isa = PBXFileReference; fileEncoding = 4; lastKnownFileType = sourcecode.c.h; name = TSMVaccination.h; path = Classes/TSMVaccination.h; sourceTree = "<group>"; };
		B9813AF719F22D0E002BCDE3 /* TSMVaccination.m */ = {isa = PBXFileReference; fileEncoding = 4; lastKnownFileType = sourcecode.c.objc; name = TSMVaccination.m; path = Classes/TSMVaccination.m; sourceTree = "<group>"; };
		B9909EA419EC44D600E8DB3A /* MedAssist.app */ = {isa = PBXFileReference; explicitFileType = wrapper.application; includeInIndex = 0; path = MedAssist.app; sourceTree = BUILT_PRODUCTS_DIR; };
		B9909EA719EC44D600E8DB3A /* Foundation.framework */ = {isa = PBXFileReference; lastKnownFileType = wrapper.framework; name = Foundation.framework; path = System/Library/Frameworks/Foundation.framework; sourceTree = SDKROOT; };
		B9909EA919EC44D600E8DB3A /* CoreGraphics.framework */ = {isa = PBXFileReference; lastKnownFileType = wrapper.framework; name = CoreGraphics.framework; path = System/Library/Frameworks/CoreGraphics.framework; sourceTree = SDKROOT; };
		B9909EAB19EC44D600E8DB3A /* UIKit.framework */ = {isa = PBXFileReference; lastKnownFileType = wrapper.framework; name = UIKit.framework; path = System/Library/Frameworks/UIKit.framework; sourceTree = SDKROOT; };
		B9909EAF19EC44D600E8DB3A /* MedAssist-Info.plist */ = {isa = PBXFileReference; lastKnownFileType = text.plist.xml; path = "MedAssist-Info.plist"; sourceTree = "<group>"; };
		B9909EB119EC44D600E8DB3A /* en */ = {isa = PBXFileReference; lastKnownFileType = text.plist.strings; name = en; path = en.lproj/InfoPlist.strings; sourceTree = "<group>"; };
		B9909EB319EC44D600E8DB3A /* main.m */ = {isa = PBXFileReference; lastKnownFileType = sourcecode.c.objc; path = main.m; sourceTree = "<group>"; };
		B9909EB519EC44D600E8DB3A /* MedAssist-Prefix.pch */ = {isa = PBXFileReference; lastKnownFileType = sourcecode.c.h; path = "MedAssist-Prefix.pch"; sourceTree = "<group>"; };
		B9909EB619EC44D600E8DB3A /* TSMAppDelegate.h */ = {isa = PBXFileReference; lastKnownFileType = sourcecode.c.h; path = TSMAppDelegate.h; sourceTree = "<group>"; };
		B9909EB719EC44D600E8DB3A /* TSMAppDelegate.m */ = {isa = PBXFileReference; lastKnownFileType = sourcecode.c.objc; path = TSMAppDelegate.m; sourceTree = "<group>"; };
		B9909EBA19EC44D600E8DB3A /* Base */ = {isa = PBXFileReference; lastKnownFileType = file.storyboard; name = Base; path = Base.lproj/Main.storyboard; sourceTree = "<group>"; };
		B9909EBC19EC44D600E8DB3A /* TSMViewController.h */ = {isa = PBXFileReference; lastKnownFileType = sourcecode.c.h; path = TSMViewController.h; sourceTree = "<group>"; };
		B9909EBD19EC44D600E8DB3A /* TSMViewController.m */ = {isa = PBXFileReference; lastKnownFileType = sourcecode.c.objc; path = TSMViewController.m; sourceTree = "<group>"; };
		B9909EBF19EC44D600E8DB3A /* Images.xcassets */ = {isa = PBXFileReference; lastKnownFileType = folder.assetcatalog; path = Images.xcassets; sourceTree = "<group>"; };
		B9909EC519EC44D600E8DB3A /* MedAssistTests.xctest */ = {isa = PBXFileReference; explicitFileType = wrapper.cfbundle; includeInIndex = 0; path = MedAssistTests.xctest; sourceTree = BUILT_PRODUCTS_DIR; };
		B9909EC619EC44D600E8DB3A /* XCTest.framework */ = {isa = PBXFileReference; lastKnownFileType = wrapper.framework; name = XCTest.framework; path = Library/Frameworks/XCTest.framework; sourceTree = DEVELOPER_DIR; };
		B9909ECE19EC44D600E8DB3A /* MedAssistTests-Info.plist */ = {isa = PBXFileReference; lastKnownFileType = text.plist.xml; path = "MedAssistTests-Info.plist"; sourceTree = "<group>"; };
		B9909ED019EC44D600E8DB3A /* en */ = {isa = PBXFileReference; lastKnownFileType = text.plist.strings; name = en; path = en.lproj/InfoPlist.strings; sourceTree = "<group>"; };
		B9909ED219EC44D600E8DB3A /* MedAssistTests.m */ = {isa = PBXFileReference; lastKnownFileType = sourcecode.c.objc; path = MedAssistTests.m; sourceTree = "<group>"; };
		B9909EDE19EC490100E8DB3A /* TSMNewUserViewController.h */ = {isa = PBXFileReference; fileEncoding = 4; lastKnownFileType = sourcecode.c.h; path = TSMNewUserViewController.h; sourceTree = "<group>"; };
		B9909EDF19EC490100E8DB3A /* TSMNewUserViewController.m */ = {isa = PBXFileReference; fileEncoding = 4; lastKnownFileType = sourcecode.c.objc; path = TSMNewUserViewController.m; sourceTree = "<group>"; };
		B9909EE219EC7A7100E8DB3A /* TSMMenuItemViewController.h */ = {isa = PBXFileReference; fileEncoding = 4; lastKnownFileType = sourcecode.c.h; path = TSMMenuItemViewController.h; sourceTree = "<group>"; };
		B9909EE319EC7A7100E8DB3A /* TSMMenuItemViewController.m */ = {isa = PBXFileReference; fileEncoding = 4; lastKnownFileType = sourcecode.c.objc; path = TSMMenuItemViewController.m; sourceTree = "<group>"; };
		B99B845719EEF8B700239545 /* TSMAllAppointmentsViewController.h */ = {isa = PBXFileReference; fileEncoding = 4; lastKnownFileType = sourcecode.c.h; path = TSMAllAppointmentsViewController.h; sourceTree = "<group>"; };
		B99B845819EEF8B700239545 /* TSMAllAppointmentsViewController.m */ = {isa = PBXFileReference; fileEncoding = 4; lastKnownFileType = sourcecode.c.objc; path = TSMAllAppointmentsViewController.m; sourceTree = "<group>"; };
		B99B845A19EEF8C600239545 /* TSMDoctorAppointmentsViewController.h */ = {isa = PBXFileReference; fileEncoding = 4; lastKnownFileType = sourcecode.c.h; path = TSMDoctorAppointmentsViewController.h; sourceTree = "<group>"; };
		B99B845B19EEF8C600239545 /* TSMDoctorAppointmentsViewController.m */ = {isa = PBXFileReference; fileEncoding = 4; lastKnownFileType = sourcecode.c.objc; path = TSMDoctorAppointmentsViewController.m; sourceTree = "<group>"; };
		B99B845D19EEF8DB00239545 /* TSMSpecialistsAppointmentsViewController.h */ = {isa = PBXFileReference; fileEncoding = 4; lastKnownFileType = sourcecode.c.h; path = TSMSpecialistsAppointmentsViewController.h; sourceTree = "<group>"; };
		B99B845E19EEF8DB00239545 /* TSMSpecialistsAppointmentsViewController.m */ = {isa = PBXFileReference; fileEncoding = 4; lastKnownFileType = sourcecode.c.objc; path = TSMSpecialistsAppointmentsViewController.m; sourceTree = "<group>"; };
		B99B846019EEF8EC00239545 /* TSMTestsAppointmentsViewController.h */ = {isa = PBXFileReference; fileEncoding = 4; lastKnownFileType = sourcecode.c.h; path = TSMTestsAppointmentsViewController.h; sourceTree = "<group>"; };
		B99B846119EEF8EC00239545 /* TSMTestsAppointmentsViewController.m */ = {isa = PBXFileReference; fileEncoding = 4; lastKnownFileType = sourcecode.c.objc; path = TSMTestsAppointmentsViewController.m; sourceTree = "<group>"; };
		B99B846319EEF8F700239545 /* TSMRefillAppointmentsViewController.h */ = {isa = PBXFileReference; fileEncoding = 4; lastKnownFileType = sourcecode.c.h; path = TSMRefillAppointmentsViewController.h; sourceTree = "<group>"; };
		B99B846419EEF8F700239545 /* TSMRefillAppointmentsViewController.m */ = {isa = PBXFileReference; fileEncoding = 4; lastKnownFileType = sourcecode.c.objc; path = TSMRefillAppointmentsViewController.m; sourceTree = "<group>"; };
		B99B846619EEF8FF00239545 /* TSMOtherAppointmentsViewController.h */ = {isa = PBXFileReference; fileEncoding = 4; lastKnownFileType = sourcecode.c.h; path = TSMOtherAppointmentsViewController.h; sourceTree = "<group>"; };
		B99B846719EEF8FF00239545 /* TSMOtherAppointmentsViewController.m */ = {isa = PBXFileReference; fileEncoding = 4; lastKnownFileType = sourcecode.c.objc; path = TSMOtherAppointmentsViewController.m; sourceTree = "<group>"; };
		B9A48B1C19EF6CA600C0BC05 /* TSMPrescriptionsTabBarViewController.h */ = {isa = PBXFileReference; fileEncoding = 4; lastKnownFileType = sourcecode.c.h; path = TSMPrescriptionsTabBarViewController.h; sourceTree = "<group>"; };
		B9A48B1D19EF6CA600C0BC05 /* TSMPrescriptionsTabBarViewController.m */ = {isa = PBXFileReference; fileEncoding = 4; lastKnownFileType = sourcecode.c.objc; path = TSMPrescriptionsTabBarViewController.m; sourceTree = "<group>"; };
		B9C4290419F019A800420D08 /* AddressBookUI.framework */ = {isa = PBXFileReference; lastKnownFileType = wrapper.framework; name = AddressBookUI.framework; path = System/Library/Frameworks/AddressBookUI.framework; sourceTree = SDKROOT; };
		B9C4290619F019AC00420D08 /* AddressBook.framework */ = {isa = PBXFileReference; lastKnownFileType = wrapper.framework; name = AddressBook.framework; path = System/Library/Frameworks/AddressBook.framework; sourceTree = SDKROOT; };
		B9C4290819F01DC500420D08 /* TSMAddContactViewController.h */ = {isa = PBXFileReference; fileEncoding = 4; lastKnownFileType = sourcecode.c.h; path = TSMAddContactViewController.h; sourceTree = "<group>"; };
		B9C4290919F01DC500420D08 /* TSMAddContactViewController.m */ = {isa = PBXFileReference; fileEncoding = 4; lastKnownFileType = sourcecode.c.objc; path = TSMAddContactViewController.m; sourceTree = "<group>"; };
		B9DD342D19ECD94E0008F951 /* TSMTestsPageViewController.h */ = {isa = PBXFileReference; fileEncoding = 4; lastKnownFileType = sourcecode.c.h; path = TSMTestsPageViewController.h; sourceTree = "<group>"; };
		B9DD342E19ECD94E0008F951 /* TSMTestsPageViewController.m */ = {isa = PBXFileReference; fileEncoding = 4; lastKnownFileType = sourcecode.c.objc; path = TSMTestsPageViewController.m; sourceTree = "<group>"; };
		B9DEDF0F19EEFA1600C7077D /* TSMAppointmentsTabBarViewController.h */ = {isa = PBXFileReference; fileEncoding = 4; lastKnownFileType = sourcecode.c.h; path = TSMAppointmentsTabBarViewController.h; sourceTree = "<group>"; };
		B9DEDF1019EEFA1600C7077D /* TSMAppointmentsTabBarViewController.m */ = {isa = PBXFileReference; fileEncoding = 4; lastKnownFileType = sourcecode.c.objc; path = TSMAppointmentsTabBarViewController.m; sourceTree = "<group>"; };
/* End PBXFileReference section */

/* Begin PBXFrameworksBuildPhase section */
		B9909EA119EC44D600E8DB3A /* Frameworks */ = {
			isa = PBXFrameworksBuildPhase;
			buildActionMask = 2147483647;
			files = (
				4198D7D219F234ED00374E32 /* libsqlite3.0.dylib in Frameworks */,
				B9C4290719F019AC00420D08 /* AddressBook.framework in Frameworks */,
				B9C4290519F019A800420D08 /* AddressBookUI.framework in Frameworks */,
				B9909EAA19EC44D600E8DB3A /* CoreGraphics.framework in Frameworks */,
				B9909EAC19EC44D600E8DB3A /* UIKit.framework in Frameworks */,
				B9909EA819EC44D600E8DB3A /* Foundation.framework in Frameworks */,
			);
			runOnlyForDeploymentPostprocessing = 0;
		};
		B9909EC219EC44D600E8DB3A /* Frameworks */ = {
			isa = PBXFrameworksBuildPhase;
			buildActionMask = 2147483647;
			files = (
				B9909EC719EC44D600E8DB3A /* XCTest.framework in Frameworks */,
				B9909EC919EC44D600E8DB3A /* UIKit.framework in Frameworks */,
				B9909EC819EC44D600E8DB3A /* Foundation.framework in Frameworks */,
			);
			runOnlyForDeploymentPostprocessing = 0;
		};
/* End PBXFrameworksBuildPhase section */

/* Begin PBXGroup section */
		4198D7D619F437AE00374E32 /* Prescriptions */ = {
			isa = PBXGroup;
			children = (
				B9A48B1C19EF6CA600C0BC05 /* TSMPrescriptionsTabBarViewController.h */,
				B9A48B1D19EF6CA600C0BC05 /* TSMPrescriptionsTabBarViewController.m */,
				4198D7D719F440CF00374E32 /* TSMAddAllergy.h */,
				4198D7D819F440CF00374E32 /* TSMAddAllergy.m */,
				412AE08219F459B900A60F6D /* TSMAddDirective.h */,
				412AE08319F459B900A60F6D /* TSMAddDirective.m */,
				412AE08519F45F8C00A60F6D /* TSMAddMedication.h */,
				412AE08619F45F8C00A60F6D /* TSMAddMedication.m */,
				41AA677119F4B378007298FC /* TSMListMedications.h */,
				41AA677219F4B378007298FC /* TSMListMedications.m */,
				41AA677419F4BA56007298FC /* TSMListDirectives.h */,
				41AA677519F4BA56007298FC /* TSMListDirectives.m */,
				41AA677719F4BD49007298FC /* TSMPrescriptionsList.h */,
				41AA677819F4BD49007298FC /* TSMPrescriptionsList.m */,
			);
			name = Prescriptions;
			sourceTree = "<group>";
		};
		B9813B0C19F22D14002BCDE3 /* Classes */ = {
			isa = PBXGroup;
			children = (
				4198D7D319F2373B00374E32 /* TSMDBManager.h */,
				4198D7D419F2373B00374E32 /* TSMDBManager.m */,
				B94A263A19F22F5E0023B733 /* TSMPerson.h */,
				B94A263B19F22F5E0023B733 /* TSMPerson.m */,
				B9813AD119F22D0E002BCDE3 /* TSMAllergy.m */,
				B9813AD219F22D0E002BCDE3 /* TSMAppointment.h */,
				B9813AD319F22D0E002BCDE3 /* TSMAppointment.m */,
				B9813AD419F22D0E002BCDE3 /* TSMBloodP.h */,
				B9813AD519F22D0E002BCDE3 /* TSMBloodP.m */,
				B9813AD619F22D0E002BCDE3 /* TSMBMI.h */,
				B9813AD719F22D0E002BCDE3 /* TSMBMI.m */,
				B9813AD819F22D0E002BCDE3 /* TSMBusiness.h */,
				B9813AD919F22D0E002BCDE3 /* TSMBusiness.m */,
				B9813ADA19F22D0E002BCDE3 /* TSMContact.h */,
				B9813ADB19F22D0E002BCDE3 /* TSMContact.m */,
				B9813ADC19F22D0E002BCDE3 /* TSMCustomData.h */,
				B9813ADD19F22D0E002BCDE3 /* TSMCustomData.m */,
				B9813ADE19F22D0E002BCDE3 /* TSMDataPoint.h */,
				B9813ADF19F22D0E002BCDE3 /* TSMDataPoint.m */,
				B9813AE019F22D0E002BCDE3 /* TSMDirective.h */,
				B9813AE119F22D0E002BCDE3 /* TSMDirective.m */,
				B9813AE219F22D0E002BCDE3 /* TSMGeneral.h */,
				B9813AE319F22D0E002BCDE3 /* TSMGeneral.m */,
				B9813AE419F22D0E002BCDE3 /* TSMGlucose.h */,
				B9813AE519F22D0E002BCDE3 /* TSMGlucose.m */,
				B9813AE619F22D0E002BCDE3 /* TSMLog.h */,
				B9813AE719F22D0E002BCDE3 /* TSMLog.m */,
				B9813AE819F22D0E002BCDE3 /* TSMMedication.h */,
				B9813AE919F22D0E002BCDE3 /* TSMMedication.m */,
				B9813AEA19F22D0E002BCDE3 /* TSMNote.h */,
				B9813AEB19F22D0E002BCDE3 /* TSMNote.m */,
				B9813AEC19F22D0E002BCDE3 /* TSMNotification.h */,
				B9813AED19F22D0E002BCDE3 /* TSMNotification.m */,
				B9813AEE19F22D0E002BCDE3 /* TSMPrescription.h */,
				B9813AEF19F22D0E002BCDE3 /* TSMPrescription.m */,
				B9813AF019F22D0E002BCDE3 /* TSMProfile.h */,
				B9813AF119F22D0E002BCDE3 /* TSMProfile.m */,
				B9813AF219F22D0E002BCDE3 /* TSMReminder.h */,
				B9813AF319F22D0E002BCDE3 /* TSMReminder.m */,
				B9813AF419F22D0E002BCDE3 /* TSMTaxi.h */,
				B9813AF519F22D0E002BCDE3 /* TSMTaxi.m */,
				B9813AF619F22D0E002BCDE3 /* TSMVaccination.h */,
				B9813AF719F22D0E002BCDE3 /* TSMVaccination.m */,
				B9813AD019F22D0E002BCDE3 /* TSMAllergy.h */,
			);
			name = Classes;
			sourceTree = "<group>";
		};
		B9909E9B19EC44D600E8DB3A = {
			isa = PBXGroup;
			children = (
				B9813B0C19F22D14002BCDE3 /* Classes */,
				B9909EE119EC537C00E8DB3A /* Images */,
				B9909EAD19EC44D600E8DB3A /* MedAssist */,
				B9909ECC19EC44D600E8DB3A /* MedAssistTests */,
				B9909EA619EC44D600E8DB3A /* Frameworks */,
				B9909EA519EC44D600E8DB3A /* Products */,
			);
			sourceTree = "<group>";
		};
		B9909EA519EC44D600E8DB3A /* Products */ = {
			isa = PBXGroup;
			children = (
				B9909EA419EC44D600E8DB3A /* MedAssist.app */,
				B9909EC519EC44D600E8DB3A /* MedAssistTests.xctest */,
			);
			name = Products;
			sourceTree = "<group>";
		};
		B9909EA619EC44D600E8DB3A /* Frameworks */ = {
			isa = PBXGroup;
			children = (
				4198D7D119F234ED00374E32 /* libsqlite3.0.dylib */,
				B9C4290619F019AC00420D08 /* AddressBook.framework */,
				B9C4290419F019A800420D08 /* AddressBookUI.framework */,
				B9909EA719EC44D600E8DB3A /* Foundation.framework */,
				B9909EA919EC44D600E8DB3A /* CoreGraphics.framework */,
				B9909EAB19EC44D600E8DB3A /* UIKit.framework */,
				B9909EC619EC44D600E8DB3A /* XCTest.framework */,
			);
			name = Frameworks;
			sourceTree = "<group>";
		};
		B9909EAD19EC44D600E8DB3A /* MedAssist */ = {
			isa = PBXGroup;
			children = (
				4198D7D619F437AE00374E32 /* Prescriptions */,
				B9498D9919ECB94D00D3B1FE /* TSMProfileMenuViewController.h */,
				B9498D9A19ECB94D00D3B1FE /* TSMProfileMenuViewController.m */,
				B9909EB619EC44D600E8DB3A /* TSMAppDelegate.h */,
				B9909EB719EC44D600E8DB3A /* TSMAppDelegate.m */,
				B9909EB919EC44D600E8DB3A /* Main.storyboard */,
				B9C4290819F01DC500420D08 /* TSMAddContactViewController.h */,
				B9C4290919F01DC500420D08 /* TSMAddContactViewController.m */,
				B9470E1619EF77E500E7C3AB /* TSMEmergencyTabBarViewController.h */,
				B9470E1719EF77E500E7C3AB /* TSMEmergencyTabBarViewController.m */,
				B9DEDF0F19EEFA1600C7077D /* TSMAppointmentsTabBarViewController.h */,
				B9DEDF1019EEFA1600C7077D /* TSMAppointmentsTabBarViewController.m */,
				B99B846319EEF8F700239545 /* TSMRefillAppointmentsViewController.h */,
				B99B846419EEF8F700239545 /* TSMRefillAppointmentsViewController.m */,
				B99B846619EEF8FF00239545 /* TSMOtherAppointmentsViewController.h */,
				B99B846719EEF8FF00239545 /* TSMOtherAppointmentsViewController.m */,
				B99B846019EEF8EC00239545 /* TSMTestsAppointmentsViewController.h */,
				B99B846119EEF8EC00239545 /* TSMTestsAppointmentsViewController.m */,
				B99B845D19EEF8DB00239545 /* TSMSpecialistsAppointmentsViewController.h */,
				B99B845E19EEF8DB00239545 /* TSMSpecialistsAppointmentsViewController.m */,
				B99B845A19EEF8C600239545 /* TSMDoctorAppointmentsViewController.h */,
				B99B845B19EEF8C600239545 /* TSMDoctorAppointmentsViewController.m */,
				B99B845719EEF8B700239545 /* TSMAllAppointmentsViewController.h */,
				B99B845819EEF8B700239545 /* TSMAllAppointmentsViewController.m */,
				B958641919EECF8000E55928 /* TSMLogOutSegue.h */,
				B958641A19EECF8000E55928 /* TSMLogOutSegue.m */,
				B958641619EEC4AD00E55928 /* TSMLoginScreenViewController.h */,
				B958641719EEC4AD00E55928 /* TSMLoginScreenViewController.m */,
				B946D0B719EE03300054D85F /* TSMLogsTabBarViewController.h */,
				B946D0B819EE03300054D85F /* TSMLogsTabBarViewController.m */,
				B9DD342D19ECD94E0008F951 /* TSMTestsPageViewController.h */,
				B9DD342E19ECD94E0008F951 /* TSMTestsPageViewController.m */,
				B9498DA019ECD0D200D3B1FE /* TSMTestsViewController.h */,
				B9498DA119ECD0D200D3B1FE /* TSMTestsViewController.m */,
				B9498D9C19ECCBFB00D3B1FE /* TSMAppointmentTabsViewController.h */,
				B9498D9E19ECCBFB00D3B1FE /* TSMAppointmentTabsViewController.m */,
				B911643419ECAF3C00CA5DEE /* TSMHomePageViewController.h */,
				B911643519ECAF3C00CA5DEE /* TSMHomePageViewController.m */,
				B9909EE219EC7A7100E8DB3A /* TSMMenuItemViewController.h */,
				B9909EE319EC7A7100E8DB3A /* TSMMenuItemViewController.m */,
				B9909EDE19EC490100E8DB3A /* TSMNewUserViewController.h */,
				B9909EDF19EC490100E8DB3A /* TSMNewUserViewController.m */,
				B9909EBC19EC44D600E8DB3A /* TSMViewController.h */,
				B9909EBD19EC44D600E8DB3A /* TSMViewController.m */,
				B9909EBF19EC44D600E8DB3A /* Images.xcassets */,
				B9909EAE19EC44D600E8DB3A /* Supporting Files */,
			);
			path = MedAssist;
			sourceTree = "<group>";
		};
		B9909EAE19EC44D600E8DB3A /* Supporting Files */ = {
			isa = PBXGroup;
			children = (
				B9909EAF19EC44D600E8DB3A /* MedAssist-Info.plist */,
				B9909EB019EC44D600E8DB3A /* InfoPlist.strings */,
				B9909EB319EC44D600E8DB3A /* main.m */,
				B9909EB519EC44D600E8DB3A /* MedAssist-Prefix.pch */,
			);
			name = "Supporting Files";
			sourceTree = "<group>";
		};
		B9909ECC19EC44D600E8DB3A /* MedAssistTests */ = {
			isa = PBXGroup;
			children = (
				B9909ED219EC44D600E8DB3A /* MedAssistTests.m */,
				B9909ECD19EC44D600E8DB3A /* Supporting Files */,
			);
			path = MedAssistTests;
			sourceTree = "<group>";
		};
		B9909ECD19EC44D600E8DB3A /* Supporting Files */ = {
			isa = PBXGroup;
			children = (
				B9909ECE19EC44D600E8DB3A /* MedAssistTests-Info.plist */,
				B9909ECF19EC44D600E8DB3A /* InfoPlist.strings */,
			);
			name = "Supporting Files";
			sourceTree = "<group>";
		};
		B9909EE119EC537C00E8DB3A /* Images */ = {
			isa = PBXGroup;
			children = (
				B960981819F05CA500C5BFBA /* dull-blue-circle.png */,
				B960981A19F05CBF00C5BFBA /* 1413159095_300__MA_Icon_transbg.png */,
			);
			name = Images;
			sourceTree = "<group>";
		};
/* End PBXGroup section */

/* Begin PBXNativeTarget section */
		B9909EA319EC44D600E8DB3A /* MedAssist */ = {
			isa = PBXNativeTarget;
			buildConfigurationList = B9909ED619EC44D600E8DB3A /* Build configuration list for PBXNativeTarget "MedAssist" */;
			buildPhases = (
				B9909EA019EC44D600E8DB3A /* Sources */,
				B9909EA119EC44D600E8DB3A /* Frameworks */,
				B9909EA219EC44D600E8DB3A /* Resources */,
			);
			buildRules = (
			);
			dependencies = (
			);
			name = MedAssist;
			productName = MedAssist;
			productReference = B9909EA419EC44D600E8DB3A /* MedAssist.app */;
			productType = "com.apple.product-type.application";
		};
		B9909EC419EC44D600E8DB3A /* MedAssistTests */ = {
			isa = PBXNativeTarget;
			buildConfigurationList = B9909ED919EC44D600E8DB3A /* Build configuration list for PBXNativeTarget "MedAssistTests" */;
			buildPhases = (
				B9909EC119EC44D600E8DB3A /* Sources */,
				B9909EC219EC44D600E8DB3A /* Frameworks */,
				B9909EC319EC44D600E8DB3A /* Resources */,
			);
			buildRules = (
			);
			dependencies = (
				B9909ECB19EC44D600E8DB3A /* PBXTargetDependency */,
			);
			name = MedAssistTests;
			productName = MedAssistTests;
			productReference = B9909EC519EC44D600E8DB3A /* MedAssistTests.xctest */;
			productType = "com.apple.product-type.bundle.unit-test";
		};
/* End PBXNativeTarget section */

/* Begin PBXProject section */
		B9909E9C19EC44D600E8DB3A /* Project object */ = {
			isa = PBXProject;
			attributes = {
				CLASSPREFIX = TSM;
				LastUpgradeCheck = 0510;
				ORGANIZATIONNAME = "Team Salveo";
				TargetAttributes = {
					B9909EC419EC44D600E8DB3A = {
						TestTargetID = B9909EA319EC44D600E8DB3A;
					};
				};
			};
			buildConfigurationList = B9909E9F19EC44D600E8DB3A /* Build configuration list for PBXProject "MedAssist" */;
			compatibilityVersion = "Xcode 3.2";
			developmentRegion = English;
			hasScannedForEncodings = 0;
			knownRegions = (
				en,
				Base,
			);
			mainGroup = B9909E9B19EC44D600E8DB3A;
			productRefGroup = B9909EA519EC44D600E8DB3A /* Products */;
			projectDirPath = "";
			projectRoot = "";
			targets = (
				B9909EA319EC44D600E8DB3A /* MedAssist */,
				B9909EC419EC44D600E8DB3A /* MedAssistTests */,
			);
		};
/* End PBXProject section */

/* Begin PBXResourcesBuildPhase section */
		B9909EA219EC44D600E8DB3A /* Resources */ = {
			isa = PBXResourcesBuildPhase;
			buildActionMask = 2147483647;
			files = (
				B960981B19F05CBF00C5BFBA /* 1413159095_300__MA_Icon_transbg.png in Resources */,
				B9909EC019EC44D600E8DB3A /* Images.xcassets in Resources */,
				B9909EB219EC44D600E8DB3A /* InfoPlist.strings in Resources */,
				B9909EBB19EC44D600E8DB3A /* Main.storyboard in Resources */,
				B960981919F05CA500C5BFBA /* dull-blue-circle.png in Resources */,
			);
			runOnlyForDeploymentPostprocessing = 0;
		};
		B9909EC319EC44D600E8DB3A /* Resources */ = {
			isa = PBXResourcesBuildPhase;
			buildActionMask = 2147483647;
			files = (
				B9909ED119EC44D600E8DB3A /* InfoPlist.strings in Resources */,
			);
			runOnlyForDeploymentPostprocessing = 0;
		};
/* End PBXResourcesBuildPhase section */

/* Begin PBXSourcesBuildPhase section */
		B9909EA019EC44D600E8DB3A /* Sources */ = {
			isa = PBXSourcesBuildPhase;
			buildActionMask = 2147483647;
			files = (
				B958641819EEC4AD00E55928 /* TSMLoginScreenViewController.m in Sources */,
				B9813B0219F22D0E002BCDE3 /* TSMGlucose.m in Sources */,
				B946D0B919EE03300054D85F /* TSMLogsTabBarViewController.m in Sources */,
				B9813AFF19F22D0E002BCDE3 /* TSMDataPoint.m in Sources */,
				B9813AFA19F22D0E002BCDE3 /* TSMBloodP.m in Sources */,
				B9813B0019F22D0E002BCDE3 /* TSMDirective.m in Sources */,
				B9813B0A19F22D0E002BCDE3 /* TSMTaxi.m in Sources */,
				B9909EB419EC44D600E8DB3A /* main.m in Sources */,
				B9813AF819F22D0E002BCDE3 /* TSMAllergy.m in Sources */,
				B9909EB819EC44D600E8DB3A /* TSMAppDelegate.m in Sources */,
				B9909EE419EC7A7100E8DB3A /* TSMMenuItemViewController.m in Sources */,
				B9813B0519F22D0E002BCDE3 /* TSMNote.m in Sources */,
				B9813B0119F22D0E002BCDE3 /* TSMGeneral.m in Sources */,
				B9813B0719F22D0E002BCDE3 /* TSMPrescription.m in Sources */,
				412AE08719F45F8C00A60F6D /* TSMAddMedication.m in Sources */,
				B9813B0419F22D0E002BCDE3 /* TSMMedication.m in Sources */,
				B99B845919EEF8B700239545 /* TSMAllAppointmentsViewController.m in Sources */,
				B9813AFB19F22D0E002BCDE3 /* TSMBMI.m in Sources */,
				412AE08419F459B900A60F6D /* TSMAddDirective.m in Sources */,
				B9C4290A19F01DC500420D08 /* TSMAddContactViewController.m in Sources */,
				B9498DA219ECD0D200D3B1FE /* TSMTestsViewController.m in Sources */,
				B9498D9B19ECB94D00D3B1FE /* TSMProfileMenuViewController.m in Sources */,
				B9813AF919F22D0E002BCDE3 /* TSMAppointment.m in Sources */,
				41AA677319F4B378007298FC /* TSMListMedications.m in Sources */,
				B9909EBE19EC44D600E8DB3A /* TSMViewController.m in Sources */,
				B9813B0B19F22D0E002BCDE3 /* TSMVaccination.m in Sources */,
				B99B846519EEF8F700239545 /* TSMRefillAppointmentsViewController.m in Sources */,
				B9813B0919F22D0E002BCDE3 /* TSMReminder.m in Sources */,
				B99B846819EEF8FF00239545 /* TSMOtherAppointmentsViewController.m in Sources */,
				B9813AFE19F22D0E002BCDE3 /* TSMCustomData.m in Sources */,
				B9A48B1E19EF6CA600C0BC05 /* TSMPrescriptionsTabBarViewController.m in Sources */,
				B99B846219EEF8EC00239545 /* TSMTestsAppointmentsViewController.m in Sources */,
				B958641B19EECF8000E55928 /* TSMLogOutSegue.m in Sources */,
				B9813AFC19F22D0E002BCDE3 /* TSMBusiness.m in Sources */,
				B99B845C19EEF8C600239545 /* TSMDoctorAppointmentsViewController.m in Sources */,
				B9813B0619F22D0E002BCDE3 /* TSMNotification.m in Sources */,
				B9DD342F19ECD94E0008F951 /* TSMTestsPageViewController.m in Sources */,
				41AA677619F4BA56007298FC /* TSMListDirectives.m in Sources */,
				B9813B0319F22D0E002BCDE3 /* TSMLog.m in Sources */,
				B9DEDF1119EEFA1600C7077D /* TSMAppointmentsTabBarViewController.m in Sources */,
				4198D7D919F440CF00374E32 /* TSMAddAllergy.m in Sources */,
				B9470E1819EF77E500E7C3AB /* TSMEmergencyTabBarViewController.m in Sources */,
				41AA677919F4BD49007298FC /* TSMPrescriptionsList.m in Sources */,
				B9813AFD19F22D0E002BCDE3 /* TSMContact.m in Sources */,
				B9813B0819F22D0E002BCDE3 /* TSMProfile.m in Sources */,
				B9909EE019EC490100E8DB3A /* TSMNewUserViewController.m in Sources */,
				B911643619ECAF3C00CA5DEE /* TSMHomePageViewController.m in Sources */,
				B99B845F19EEF8DB00239545 /* TSMSpecialistsAppointmentsViewController.m in Sources */,
				4198D7D519F2373B00374E32 /* TSMDBManager.m in Sources */,
				B94A263C19F22F5E0023B733 /* TSMPerson.m in Sources */,
			);
			runOnlyForDeploymentPostprocessing = 0;
		};
		B9909EC119EC44D600E8DB3A /* Sources */ = {
			isa = PBXSourcesBuildPhase;
			buildActionMask = 2147483647;
			files = (
				B9909ED319EC44D600E8DB3A /* MedAssistTests.m in Sources */,
			);
			runOnlyForDeploymentPostprocessing = 0;
		};
/* End PBXSourcesBuildPhase section */

/* Begin PBXTargetDependency section */
		B9909ECB19EC44D600E8DB3A /* PBXTargetDependency */ = {
			isa = PBXTargetDependency;
			target = B9909EA319EC44D600E8DB3A /* MedAssist */;
			targetProxy = B9909ECA19EC44D600E8DB3A /* PBXContainerItemProxy */;
		};
/* End PBXTargetDependency section */

/* Begin PBXVariantGroup section */
		B9498D9C19ECCBFB00D3B1FE /* TSMAppointmentTabsViewController.h */ = {
			isa = PBXVariantGroup;
			children = (
				B9498D9D19ECCBFB00D3B1FE /* Base */,
			);
			name = TSMAppointmentTabsViewController.h;
			sourceTree = "<group>";
		};
		B9498D9E19ECCBFB00D3B1FE /* TSMAppointmentTabsViewController.m */ = {
			isa = PBXVariantGroup;
			children = (
				B9498D9F19ECCBFB00D3B1FE /* Base */,
			);
			name = TSMAppointmentTabsViewController.m;
			sourceTree = "<group>";
		};
		B9909EB019EC44D600E8DB3A /* InfoPlist.strings */ = {
			isa = PBXVariantGroup;
			children = (
				B9909EB119EC44D600E8DB3A /* en */,
			);
			name = InfoPlist.strings;
			sourceTree = "<group>";
		};
		B9909EB919EC44D600E8DB3A /* Main.storyboard */ = {
			isa = PBXVariantGroup;
			children = (
				B9909EBA19EC44D600E8DB3A /* Base */,
			);
			name = Main.storyboard;
			sourceTree = "<group>";
		};
		B9909ECF19EC44D600E8DB3A /* InfoPlist.strings */ = {
			isa = PBXVariantGroup;
			children = (
				B9909ED019EC44D600E8DB3A /* en */,
			);
			name = InfoPlist.strings;
			sourceTree = "<group>";
		};
/* End PBXVariantGroup section */

/* Begin XCBuildConfiguration section */
		B9909ED419EC44D600E8DB3A /* Debug */ = {
			isa = XCBuildConfiguration;
			buildSettings = {
				ALWAYS_SEARCH_USER_PATHS = NO;
				CLANG_CXX_LANGUAGE_STANDARD = "gnu++0x";
				CLANG_CXX_LIBRARY = "libc++";
				CLANG_ENABLE_MODULES = YES;
				CLANG_ENABLE_OBJC_ARC = YES;
				CLANG_WARN_BOOL_CONVERSION = YES;
				CLANG_WARN_CONSTANT_CONVERSION = YES;
				CLANG_WARN_DIRECT_OBJC_ISA_USAGE = YES_ERROR;
				CLANG_WARN_EMPTY_BODY = YES;
				CLANG_WARN_ENUM_CONVERSION = YES;
				CLANG_WARN_INT_CONVERSION = YES;
				CLANG_WARN_OBJC_ROOT_CLASS = YES_ERROR;
				CLANG_WARN__DUPLICATE_METHOD_MATCH = YES;
				"CODE_SIGN_IDENTITY[sdk=iphoneos*]" = "iPhone Developer";
				COPY_PHASE_STRIP = NO;
				GCC_C_LANGUAGE_STANDARD = gnu99;
				GCC_DYNAMIC_NO_PIC = NO;
				GCC_OPTIMIZATION_LEVEL = 0;
				GCC_PREPROCESSOR_DEFINITIONS = (
					"DEBUG=1",
					"$(inherited)",
				);
				GCC_SYMBOLS_PRIVATE_EXTERN = NO;
				GCC_WARN_64_TO_32_BIT_CONVERSION = YES;
				GCC_WARN_ABOUT_RETURN_TYPE = YES_ERROR;
				GCC_WARN_UNDECLARED_SELECTOR = YES;
				GCC_WARN_UNINITIALIZED_AUTOS = YES_AGGRESSIVE;
				GCC_WARN_UNUSED_FUNCTION = YES;
				GCC_WARN_UNUSED_VARIABLE = YES;
				IPHONEOS_DEPLOYMENT_TARGET = 7.1;
				ONLY_ACTIVE_ARCH = YES;
				SDKROOT = iphoneos;
			};
			name = Debug;
		};
		B9909ED519EC44D600E8DB3A /* Release */ = {
			isa = XCBuildConfiguration;
			buildSettings = {
				ALWAYS_SEARCH_USER_PATHS = NO;
				CLANG_CXX_LANGUAGE_STANDARD = "gnu++0x";
				CLANG_CXX_LIBRARY = "libc++";
				CLANG_ENABLE_MODULES = YES;
				CLANG_ENABLE_OBJC_ARC = YES;
				CLANG_WARN_BOOL_CONVERSION = YES;
				CLANG_WARN_CONSTANT_CONVERSION = YES;
				CLANG_WARN_DIRECT_OBJC_ISA_USAGE = YES_ERROR;
				CLANG_WARN_EMPTY_BODY = YES;
				CLANG_WARN_ENUM_CONVERSION = YES;
				CLANG_WARN_INT_CONVERSION = YES;
				CLANG_WARN_OBJC_ROOT_CLASS = YES_ERROR;
				CLANG_WARN__DUPLICATE_METHOD_MATCH = YES;
				"CODE_SIGN_IDENTITY[sdk=iphoneos*]" = "iPhone Developer";
				COPY_PHASE_STRIP = YES;
				ENABLE_NS_ASSERTIONS = NO;
				GCC_C_LANGUAGE_STANDARD = gnu99;
				GCC_WARN_64_TO_32_BIT_CONVERSION = YES;
				GCC_WARN_ABOUT_RETURN_TYPE = YES_ERROR;
				GCC_WARN_UNDECLARED_SELECTOR = YES;
				GCC_WARN_UNINITIALIZED_AUTOS = YES_AGGRESSIVE;
				GCC_WARN_UNUSED_FUNCTION = YES;
				GCC_WARN_UNUSED_VARIABLE = YES;
				IPHONEOS_DEPLOYMENT_TARGET = 7.1;
				SDKROOT = iphoneos;
				VALIDATE_PRODUCT = YES;
			};
			name = Release;
		};
		B9909ED719EC44D600E8DB3A /* Debug */ = {
			isa = XCBuildConfiguration;
			buildSettings = {
				ASSETCATALOG_COMPILER_APPICON_NAME = AppIcon;
				ASSETCATALOG_COMPILER_LAUNCHIMAGE_NAME = LaunchImage;
				GCC_PRECOMPILE_PREFIX_HEADER = YES;
				GCC_PREFIX_HEADER = "MedAssist/MedAssist-Prefix.pch";
				INFOPLIST_FILE = "MedAssist/MedAssist-Info.plist";
				PRODUCT_NAME = "$(TARGET_NAME)";
				WRAPPER_EXTENSION = app;
			};
			name = Debug;
		};
		B9909ED819EC44D600E8DB3A /* Release */ = {
			isa = XCBuildConfiguration;
			buildSettings = {
				ASSETCATALOG_COMPILER_APPICON_NAME = AppIcon;
				ASSETCATALOG_COMPILER_LAUNCHIMAGE_NAME = LaunchImage;
				GCC_PRECOMPILE_PREFIX_HEADER = YES;
				GCC_PREFIX_HEADER = "MedAssist/MedAssist-Prefix.pch";
				INFOPLIST_FILE = "MedAssist/MedAssist-Info.plist";
				PRODUCT_NAME = "$(TARGET_NAME)";
				WRAPPER_EXTENSION = app;
			};
			name = Release;
		};
		B9909EDA19EC44D600E8DB3A /* Debug */ = {
			isa = XCBuildConfiguration;
			buildSettings = {
				BUNDLE_LOADER = "$(BUILT_PRODUCTS_DIR)/MedAssist.app/MedAssist";
				FRAMEWORK_SEARCH_PATHS = (
					"$(SDKROOT)/Developer/Library/Frameworks",
					"$(inherited)",
					"$(DEVELOPER_FRAMEWORKS_DIR)",
				);
				GCC_PRECOMPILE_PREFIX_HEADER = YES;
				GCC_PREFIX_HEADER = "MedAssist/MedAssist-Prefix.pch";
				GCC_PREPROCESSOR_DEFINITIONS = (
					"DEBUG=1",
					"$(inherited)",
				);
				INFOPLIST_FILE = "MedAssistTests/MedAssistTests-Info.plist";
				PRODUCT_NAME = "$(TARGET_NAME)";
				TEST_HOST = "$(BUNDLE_LOADER)";
				WRAPPER_EXTENSION = xctest;
			};
			name = Debug;
		};
		B9909EDB19EC44D600E8DB3A /* Release */ = {
			isa = XCBuildConfiguration;
			buildSettings = {
				BUNDLE_LOADER = "$(BUILT_PRODUCTS_DIR)/MedAssist.app/MedAssist";
				FRAMEWORK_SEARCH_PATHS = (
					"$(SDKROOT)/Developer/Library/Frameworks",
					"$(inherited)",
					"$(DEVELOPER_FRAMEWORKS_DIR)",
				);
				GCC_PRECOMPILE_PREFIX_HEADER = YES;
				GCC_PREFIX_HEADER = "MedAssist/MedAssist-Prefix.pch";
				INFOPLIST_FILE = "MedAssistTests/MedAssistTests-Info.plist";
				PRODUCT_NAME = "$(TARGET_NAME)";
				TEST_HOST = "$(BUNDLE_LOADER)";
				WRAPPER_EXTENSION = xctest;
			};
			name = Release;
		};
/* End XCBuildConfiguration section */

/* Begin XCConfigurationList section */
		B9909E9F19EC44D600E8DB3A /* Build configuration list for PBXProject "MedAssist" */ = {
			isa = XCConfigurationList;
			buildConfigurations = (
				B9909ED419EC44D600E8DB3A /* Debug */,
				B9909ED519EC44D600E8DB3A /* Release */,
			);
			defaultConfigurationIsVisible = 0;
			defaultConfigurationName = Release;
		};
		B9909ED619EC44D600E8DB3A /* Build configuration list for PBXNativeTarget "MedAssist" */ = {
			isa = XCConfigurationList;
			buildConfigurations = (
				B9909ED719EC44D600E8DB3A /* Debug */,
				B9909ED819EC44D600E8DB3A /* Release */,
			);
			defaultConfigurationIsVisible = 0;
			defaultConfigurationName = Release;
		};
		B9909ED919EC44D600E8DB3A /* Build configuration list for PBXNativeTarget "MedAssistTests" */ = {
			isa = XCConfigurationList;
			buildConfigurations = (
				B9909EDA19EC44D600E8DB3A /* Debug */,
				B9909EDB19EC44D600E8DB3A /* Release */,
			);
			defaultConfigurationIsVisible = 0;
			defaultConfigurationName = Release;
		};
/* End XCConfigurationList section */
	};
	rootObject = B9909E9C19EC44D600E8DB3A /* Project object */;
}
